{
  "name": "WEBDEVELOPMENTBOOTCAMP",
  "lockfileVersion": 3,
  "requires": true,
  "packages": {
    "": {
      "dependencies": {
        "hex-color-to-color-name": "^2.0.1"
      }
    },
    "node_modules/hex-color-to-color-name": {
      "version": "2.0.1",
      "resolved": "https://registry.npmjs.org/hex-color-to-color-name/-/hex-color-to-color-name-2.0.1.tgz",
      "integrity": "sha512-15bmVVs32eiB58Q/+orMha1+CgI3wEQZYYJtIXBaVgxllyCB3t27mYMt5+7HqDCKWUwbAVrZfcmYgSOX6Tap0w==",
      "license": "ISC"
    }
  }
}
